Microsoft Visual Studio Solution File, Format Version 11.00
# Visual Studio 2008

Project("{72E3ED57-EA74-C740-ACE3-58B5A958360C}") = "unity3D-dazuoye", "Assembly-CSharp-firstpass.csproj", "{48E5C694-9FE0-0424-A776-92C99F7E5479}"
EndProject
Project("{72E3ED57-EA74-C740-ACE3-58B5A958360C}") = "unity3D-dazuoye", "Assembly-CSharp.csproj", "{B6CC76B1-012B-6356-B731-D54F7A51E9E5}"
EndProject
Project("{72E3ED57-EA74-C740-ACE3-58B5A958360C}") = "unity3D-dazuoye", "Assembly-CSharp-Editor.csproj", "{CCD21FAF-C405-F16A-0127-1C6C243FCE9C}"
EndProject
Project("{72E3ED57-EA74-C740-ACE3-58B5A958360C}") = "unity3D-dazuoye", "Assembly-UnityScript-firstpass.unityproj", "{9BAC61CC-26D2-6179-B50F-FDEB70EE6F52}"
EndProject
Project("{72E3ED57-EA74-C740-ACE3-58B5A958360C}") = "unity3D-dazuoye", "Assembly-UnityScript.unityproj", "{273EFCA9-2FB4-36E5-D585-3B06B08F781B}"
EndProject
Global
	GlobalSection(SolutionConfigurationPlatforms) = preSolution
		Debug|Any CPU = Debug|Any CPU
		Release|Any CPU = Release|Any CPU
	EndGlobalSection
	GlobalSection(ProjectConfigurationPlatforms) = postSolution
		{48E5C694-9FE0-0424-A776-92C99F7E5479}.Debug|Any CPU.ActiveCfg = Debug|Any CPU
		{48E5C694-9FE0-0424-A776-92C99F7E5479}.Debug|Any CPU.Build.0 = Debug|Any CPU
		{48E5C694-9FE0-0424-A776-92C99F7E5479}.Release|Any CPU.ActiveCfg = Release|Any CPU
		{48E5C694-9FE0-0424-A776-92C99F7E5479}.Release|Any CPU.Build.0 = Release|Any CPU
		{B6CC76B1-012B-6356-B731-D54F7A51E9E5}.Debug|Any CPU.ActiveCfg = Debug|Any CPU
		{B6CC76B1-012B-6356-B731-D54F7A51E9E5}.Debug|Any CPU.Build.0 = Debug|Any CPU
		{B6CC76B1-012B-6356-B731-D54F7A51E9E5}.Release|Any CPU.ActiveCfg = Release|Any CPU
		{B6CC76B1-012B-6356-B731-D54F7A51E9E5}.Release|Any CPU.Build.0 = Release|Any CPU
		{CCD21FAF-C405-F16A-0127-1C6C243FCE9C}.Debug|Any CPU.ActiveCfg = Debug|Any CPU
		{CCD21FAF-C405-F16A-0127-1C6C243FCE9C}.Debug|Any CPU.Build.0 = Debug|Any CPU
		{CCD21FAF-C405-F16A-0127-1C6C243FCE9C}.Release|Any CPU.ActiveCfg = Release|Any CPU
		{CCD21FAF-C405-F16A-0127-1C6C243FCE9C}.Release|Any CPU.Build.0 = Release|Any CPU
		{9BAC61CC-26D2-6179-B50F-FDEB70EE6F52}.Debug|Any CPU.ActiveCfg = Debug|Any CPU
		{9BAC61CC-26D2-6179-B50F-FDEB70EE6F52}.Debug|Any CPU.Build.0 = Debug|Any CPU
		{9BAC61CC-26D2-6179-B50F-FDEB70EE6F52}.Release|Any CPU.ActiveCfg = Release|Any CPU
		{9BAC61CC-26D2-6179-B50F-FDEB70EE6F52}.Release|Any CPU.Build.0 = Release|Any CPU
		{273EFCA9-2FB4-36E5-D585-3B06B08F781B}.Debug|Any CPU.ActiveCfg = Debug|Any CPU
		{273EFCA9-2FB4-36E5-D585-3B06B08F781B}.Debug|Any CPU.Build.0 = Debug|Any CPU
		{273EFCA9-2FB4-36E5-D585-3B06B08F781B}.Release|Any CPU.ActiveCfg = Release|Any CPU
		{273EFCA9-2FB4-36E5-D585-3B06B08F781B}.Release|Any CPU.Build.0 = Release|Any CPU
	EndGlobalSection
	GlobalSection(SolutionProperties) = preSolution
		HideSolutionNode = FALSE
	EndGlobalSection
																																																												GlobalSection(MonoDevelopProperties) = preSolution
		StartupItem = Assembly-CSharp.csproj
		Policies = $0
		$0.TextStylePolicy = $1
		$1.inheritsSet = null
		$1.scope = text/x-csharp
		$0.CSharpFormattingPolicy = $2
		$2.inheritsSet = Mono
		$2.inheritsScope = text/x-csharp
		$2.scope = text/x-csharp
		$0.TextStylePolicy = $3
		$3.FileWidth = 120
		$3.TabWidth = 4
		$3.IndentWidth = 4
		$3.EolMarker = Unix
		$3.inheritsSet = Mono
		$3.inheritsScope = text/plain
		$3.scope = text/plain
	EndGlobalSection

EndGlobal
